
Microsoft Visual Studio Solution File, Format Version 12.00
# Visual Studio Version 17
VisualStudioVersion = 17.1.32210.238
MinimumVisualStudioVersion = 10.0.40219.1
Project("{FAE04EC0-301F-11D3-BF4B-00C04F79EFBC}") = "Password generator(Console mode)", "Password generator(Console mode)\Password generator(Console mode).csproj", "{EE0218F9-6D1B-455F-8936-15F8581827A7}"
EndProject
Global
	GlobalSection(SolutionConfigurationPlatforms) = preSolution
		Debug|Any CPU = Debug|Any CPU
		Release|Any CPU = Release|Any CPU
	EndGlobalSection
	GlobalSection(ProjectConfigurationPlatforms) = postSolution
		{EE0218F9-6D1B-455F-8936-15F8581827A7}.Debug|Any CPU.ActiveCfg = Debug|Any CPU
		{EE0218F9-6D1B-455F-8936-15F8581827A7}.Debug|Any CPU.Build.0 = Debug|Any CPU
		{EE0218F9-6D1B-455F-8936-15F8581827A7}.Release|Any CPU.ActiveCfg = Release|Any CPU
		{EE0218F9-6D1B-455F-8936-15F8581827A7}.Release|Any CPU.Build.0 = Release|Any CPU
	EndGlobalSection
	GlobalSection(SolutionProperties) = preSolution
		HideSolutionNode = FALSE
	EndGlobalSection
	GlobalSection(ExtensibilityGlobals) = postSolution
		SolutionGuid = {B18E5B1F-AB61-40C0-83FC-3CE777232E2A}
	EndGlobalSection
EndGlobal
